
Microsoft Visual Studio Solution File, Format Version 12.00
# Visual Studio Version 17
VisualStudioVersion = 17.8.34322.80
MinimumVisualStudioVersion = 10.0.40219.1
Project("{FAE04EC0-301F-11D3-BF4B-00C04F79EFBC}") = "BilderGalerie", "BilderGalerie\BilderGalerie.csproj", "{563736DC-AC0D-47D5-AF4B-EA5FE8045CF4}"
EndProject
Global
	GlobalSection(SolutionConfigurationPlatforms) = preSolution
		Debug|Any CPU = Debug|Any CPU
		Release|Any CPU = Release|Any CPU
	EndGlobalSection
	GlobalSection(ProjectConfigurationPlatforms) = postSolution
		{563736DC-AC0D-47D5-AF4B-EA5FE8045CF4}.Debug|Any CPU.ActiveCfg = Debug|Any CPU
		{563736DC-AC0D-47D5-AF4B-EA5FE8045CF4}.Debug|Any CPU.Build.0 = Debug|Any CPU
		{563736DC-AC0D-47D5-AF4B-EA5FE8045CF4}.Release|Any CPU.ActiveCfg = Release|Any CPU
		{563736DC-AC0D-47D5-AF4B-EA5FE8045CF4}.Release|Any CPU.Build.0 = Release|Any CPU
	EndGlobalSection
	GlobalSection(SolutionProperties) = preSolution
		HideSolutionNode = FALSE
	EndGlobalSection
	GlobalSection(ExtensibilityGlobals) = postSolution
		SolutionGuid = {FBE41B97-4B32-4B54-B47D-181BED8F3DD6}
	EndGlobalSection
EndGlobal
